// !$*UTF8*$!
{
	archiveVersion = 1;
	classes = {
	};
	objectVersion = 55;
	objects = {

/* Begin PBXBuildFile section */
		D32EB95528F9B7FE00D2B409 /* SwiftUIDemoApp.swift in Sources */ = {isa = PBXBuildFile; fileRef = D32EB95428F9B7FE00D2B409 /* SwiftUIDemoApp.swift */; };
		D32EB95728F9B7FE00D2B409 /* ContentView.swift in Sources */ = {isa = PBXBuildFile; fileRef = D32EB95628F9B7FE00D2B409 /* ContentView.swift */; };
		D32EB95928F9B7FF00D2B409 /* Assets.xcassets in Resources */ = {isa = PBXBuildFile; fileRef = D32EB95828F9B7FF00D2B409 /* Assets.xcassets */; };
		D32EB95C28F9B7FF00D2B409 /* Preview Assets.xcassets in Resources */ = {isa = PBXBuildFile; fileRef = D32EB95B28F9B7FF00D2B409 /* Preview Assets.xcassets */; };
		D32EB96528FC246900D2B409 /* ChatRow.swift in Sources */ = {isa = PBXBuildFile; fileRef = D32EB96428FC246900D2B409 /* ChatRow.swift */; };
		D32EB96728FC27E700D2B409 /* ChatModel.swift in Sources */ = {isa = PBXBuildFile; fileRef = D32EB96628FC27E700D2B409 /* ChatModel.swift */; };
		D32EB96928FC2DBA00D2B409 /* Date+Helpers.swift in Sources */ = {isa = PBXBuildFile; fileRef = D32EB96828FC2DBA00D2B409 /* Date+Helpers.swift */; };
		D32EB96B28FC355300D2B409 /* ChatsViewModel.swift in Sources */ = {isa = PBXBuildFile; fileRef = D32EB96A28FC355300D2B409 /* ChatsViewModel.swift */; };
		D32EB96D28FC391900D2B409 /* ChatView.swift in Sources */ = {isa = PBXBuildFile; fileRef = D32EB96C28FC391900D2B409 /* ChatView.swift */; };
		D32EB97628FF813000D2B409 /* MessageTextField.swift in Sources */ = {isa = PBXBuildFile; fileRef = D32EB97528FF813000D2B409 /* MessageTextField.swift */; };
		D32EB97D28FFE7AD00D2B409 /* MessagesView.swift in Sources */ = {isa = PBXBuildFile; fileRef = D32EB97C28FFE7AD00D2B409 /* MessagesView.swift */; };
/* End PBXBuildFile section */

/* Begin PBXCopyFilesBuildPhase section */
		D32EB9A32907F22E00D2B409 /* Embed Watch Content */ = {
			isa = PBXCopyFilesBuildPhase;
			buildActionMask = 2147483647;
			dstPath = "$(CONTENTS_FOLDER_PATH)/Watch";
			dstSubfolderSpec = 16;
			files = (
			);
			name = "Embed Watch Content";
			runOnlyForDeploymentPostprocessing = 0;
		};
/* End PBXCopyFilesBuildPhase section */

/* Begin PBXFileReference section */
		D32EB95128F9B7FE00D2B409 /* SwiftUIDemo.app */ = {isa = PBXFileReference; explicitFileType = wrapper.application; includeInIndex = 0; path = SwiftUIDemo.app; sourceTree = BUILT_PRODUCTS_DIR; };
		D32EB95428F9B7FE00D2B409 /* SwiftUIDemoApp.swift */ = {isa = PBXFileReference; lastKnownFileType = sourcecode.swift; path = SwiftUIDemoApp.swift; sourceTree = "<group>"; };
		D32EB95628F9B7FE00D2B409 /* ContentView.swift */ = {isa = PBXFileReference; lastKnownFileType = sourcecode.swift; path = ContentView.swift; sourceTree = "<group>"; };
		D32EB95828F9B7FF00D2B409 /* Assets.xcassets */ = {isa = PBXFileReference; lastKnownFileType = folder.assetcatalog; path = Assets.xcassets; sourceTree = "<group>"; };
		D32EB95B28F9B7FF00D2B409 /* Preview Assets.xcassets */ = {isa = PBXFileReference; lastKnownFileType = folder.assetcatalog; path = "Preview Assets.xcassets"; sourceTree = "<group>"; };
		D32EB96428FC246900D2B409 /* ChatRow.swift */ = {isa = PBXFileReference; lastKnownFileType = sourcecode.swift; path = ChatRow.swift; sourceTree = "<group>"; };
		D32EB96628FC27E700D2B409 /* ChatModel.swift */ = {isa = PBXFileReference; lastKnownFileType = sourcecode.swift; path = ChatModel.swift; sourceTree = "<group>"; };
		D32EB96828FC2DBA00D2B409 /* Date+Helpers.swift */ = {isa = PBXFileReference; lastKnownFileType = sourcecode.swift; path = "Date+Helpers.swift"; sourceTree = "<group>"; };
		D32EB96A28FC355300D2B409 /* ChatsViewModel.swift */ = {isa = PBXFileReference; lastKnownFileType = sourcecode.swift; path = ChatsViewModel.swift; sourceTree = "<group>"; };
		D32EB96C28FC391900D2B409 /* ChatView.swift */ = {isa = PBXFileReference; lastKnownFileType = sourcecode.swift; path = ChatView.swift; sourceTree = "<group>"; };
		D32EB97528FF813000D2B409 /* MessageTextField.swift */ = {isa = PBXFileReference; lastKnownFileType = sourcecode.swift; path = MessageTextField.swift; sourceTree = "<group>"; };
		D32EB97C28FFE7AD00D2B409 /* MessagesView.swift */ = {isa = PBXFileReference; lastKnownFileType = sourcecode.swift; path = MessagesView.swift; sourceTree = "<group>"; };
/* End PBXFileReference section */

/* Begin PBXFrameworksBuildPhase section */
		D32EB94E28F9B7FE00D2B409 /* Frameworks */ = {
			isa = PBXFrameworksBuildPhase;
			buildActionMask = 2147483647;
			files = (
			);
			runOnlyForDeploymentPostprocessing = 0;
		};
/* End PBXFrameworksBuildPhase section */

/* Begin PBXGroup section */
		D32EB94828F9B7FE00D2B409 = {
			isa = PBXGroup;
			children = (
				D32EB95328F9B7FE00D2B409 /* SwiftUIDemo */,
				D32EB95228F9B7FE00D2B409 /* Products */,
			);
			sourceTree = "<group>";
		};
		D32EB95228F9B7FE00D2B409 /* Products */ = {
			isa = PBXGroup;
			children = (
				D32EB95128F9B7FE00D2B409 /* SwiftUIDemo.app */,
			);
			name = Products;
			sourceTree = "<group>";
		};
		D32EB95328F9B7FE00D2B409 /* SwiftUIDemo */ = {
			isa = PBXGroup;
			children = (
				D32EB97B28FFE6E700D2B409 /* Helpers */,
				D32EB97A28FFE6C500D2B409 /* Resources */,
				D32EB97928FFE69F00D2B409 /* ViewModel */,
				D32EB97828FFE66700D2B409 /* View */,
				D32EB97728FFE64B00D2B409 /* Model */,
				D32EB95A28F9B7FF00D2B409 /* Preview Content */,
			);
			path = SwiftUIDemo;
			sourceTree = "<group>";
		};
		D32EB95A28F9B7FF00D2B409 /* Preview Content */ = {
			isa = PBXGroup;
			children = (
				D32EB95B28F9B7FF00D2B409 /* Preview Assets.xcassets */,
			);
			path = "Preview Content";
			sourceTree = "<group>";
		};
		D32EB97728FFE64B00D2B409 /* Model */ = {
			isa = PBXGroup;
			children = (
				D32EB96628FC27E700D2B409 /* ChatModel.swift */,
			);
			path = Model;
			sourceTree = "<group>";
		};
		D32EB97828FFE66700D2B409 /* View */ = {
			isa = PBXGroup;
			children = (
				D32EB95628F9B7FE00D2B409 /* ContentView.swift */,
				D32EB96428FC246900D2B409 /* ChatRow.swift */,
				D32EB96C28FC391900D2B409 /* ChatView.swift */,
				D32EB97528FF813000D2B409 /* MessageTextField.swift */,
				D32EB97C28FFE7AD00D2B409 /* MessagesView.swift */,
			);
			path = View;
			sourceTree = "<group>";
		};
		D32EB97928FFE69F00D2B409 /* ViewModel */ = {
			isa = PBXGroup;
			children = (
				D32EB96A28FC355300D2B409 /* ChatsViewModel.swift */,
			);
			path = ViewModel;
			sourceTree = "<group>";
		};
		D32EB97A28FFE6C500D2B409 /* Resources */ = {
			isa = PBXGroup;
			children = (
				D32EB95428F9B7FE00D2B409 /* SwiftUIDemoApp.swift */,
				D32EB95828F9B7FF00D2B409 /* Assets.xcassets */,
			);
			path = Resources;
			sourceTree = "<group>";
		};
		D32EB97B28FFE6E700D2B409 /* Helpers */ = {
			isa = PBXGroup;
			children = (
				D32EB96828FC2DBA00D2B409 /* Date+Helpers.swift */,
			);
			path = Helpers;
			sourceTree = "<group>";
		};
/* End PBXGroup section */

/* Begin PBXNativeTarget section */
		D32EB95028F9B7FE00D2B409 /* SwiftUIDemo */ = {
			isa = PBXNativeTarget;
			buildConfigurationList = D32EB95F28F9B7FF00D2B409 /* Build configuration list for PBXNativeTarget "SwiftUIDemo" */;
			buildPhases = (
				D32EB94D28F9B7FE00D2B409 /* Sources */,
				D32EB94E28F9B7FE00D2B409 /* Frameworks */,
				D32EB94F28F9B7FE00D2B409 /* Resources */,
				D32EB9A32907F22E00D2B409 /* Embed Watch Content */,
			);
			buildRules = (
			);
			dependencies = (
			);
			name = SwiftUIDemo;
			productName = SwiftUIDemo;
			productReference = D32EB95128F9B7FE00D2B409 /* SwiftUIDemo.app */;
			productType = "com.apple.product-type.application";
		};
/* End PBXNativeTarget section */

/* Begin PBXProject section */
		D32EB94928F9B7FE00D2B409 /* Project object */ = {
			isa = PBXProject;
			attributes = {
				BuildIndependentTargetsInParallel = 1;
				LastSwiftUpdateCheck = 1340;
				LastUpgradeCheck = 1340;
				TargetAttributes = {
					D32EB95028F9B7FE00D2B409 = {
						CreatedOnToolsVersion = 13.4.1;
					};
				};
			};
			buildConfigurationList = D32EB94C28F9B7FE00D2B409 /* Build configuration list for PBXProject "SwiftUIDemo" */;
			compatibilityVersion = "Xcode 13.0";
			developmentRegion = en;
			hasScannedForEncodings = 0;
			knownRegions = (
				en,
				Base,
			);
			mainGroup = D32EB94828F9B7FE00D2B409;
			productRefGroup = D32EB95228F9B7FE00D2B409 /* Products */;
			projectDirPath = "";
			projectRoot = "";
			targets = (
				D32EB95028F9B7FE00D2B409 /* SwiftUIDemo */,
			);
		};
/* End PBXProject section */

/* Begin PBXResourcesBuildPhase section */
		D32EB94F28F9B7FE00D2B409 /* Resources */ = {
			isa = PBXResourcesBuildPhase;
			buildActionMask = 2147483647;
			files = (
				D32EB95C28F9B7FF00D2B409 /* Preview Assets.xcassets in Resources */,
				D32EB95928F9B7FF00D2B409 /* Assets.xcassets in Resources */,
			);
			runOnlyForDeploymentPostprocessing = 0;
		};
/* End PBXResourcesBuildPhase section */

/* Begin PBXSourcesBuildPhase section */
		D32EB94D28F9B7FE00D2B409 /* Sources */ = {
			isa = PBXSourcesBuildPhase;
			buildActionMask = 2147483647;
			files = (
				D32EB96B28FC355300D2B409 /* ChatsViewModel.swift in Sources */,
				D32EB95728F9B7FE00D2B409 /* ContentView.swift in Sources */,
				D32EB96528FC246900D2B409 /* ChatRow.swift in Sources */,
				D32EB97D28FFE7AD00D2B409 /* MessagesView.swift in Sources */,
				D32EB97628FF813000D2B409 /* MessageTextField.swift in Sources */,
				D32EB95528F9B7FE00D2B409 /* SwiftUIDemoApp.swift in Sources */,
				D32EB96D28FC391900D2B409 /* ChatView.swift in Sources */,
				D32EB96728FC27E700D2B409 /* ChatModel.swift in Sources */,
				D32EB96928FC2DBA00D2B409 /* Date+Helpers.swift in Sources */,
			);
			runOnlyForDeploymentPostprocessing = 0;
		};
/* End PBXSourcesBuildPhase section */

/* Begin XCBuildConfiguration section */
		D32EB95D28F9B7FF00D2B409 /* Debug */ = {
			isa = XCBuildConfiguration;
			buildSettings = {
				ALWAYS_SEARCH_USER_PATHS = NO;
				CLANG_ANALYZER_NONNULL = YES;
				CLANG_ANALYZER_NUMBER_OBJECT_CONVERSION = YES_AGGRESSIVE;
				CLANG_CXX_LANGUAGE_STANDARD = "gnu++17";
				CLANG_ENABLE_MODULES = YES;
				CLANG_ENABLE_OBJC_ARC = YES;
				CLANG_ENABLE_OBJC_WEAK = YES;
				CLANG_WARN_BLOCK_CAPTURE_AUTORELEASING = YES;
				CLANG_WARN_BOOL_CONVERSION = YES;
				CLANG_WARN_COMMA = YES;
				CLANG_WARN_CONSTANT_CONVERSION = YES;
				CLANG_WARN_DEPRECATED_OBJC_IMPLEMENTATIONS = YES;
				CLANG_WARN_DIRECT_OBJC_ISA_USAGE = YES_ERROR;
				CLANG_WARN_DOCUMENTATION_COMMENTS = YES;
				CLANG_WARN_EMPTY_BODY = YES;
				CLANG_WARN_ENUM_CONVERSION = YES;
				CLANG_WARN_INFINITE_RECURSION = YES;
				CLANG_WARN_INT_CONVERSION = YES;
				CLANG_WARN_NON_LITERAL_NULL_CONVERSION = YES;
				CLANG_WARN_OBJC_IMPLICIT_RETAIN_SELF = YES;
				CLANG_WARN_OBJC_LITERAL_CONVERSION = YES;
				CLANG_WARN_OBJC_ROOT_CLASS = YES_ERROR;
				CLANG_WARN_QUOTED_INCLUDE_IN_FRAMEWORK_HEADER = YES;
				CLANG_WARN_RANGE_LOOP_ANALYSIS = YES;
				CLANG_WARN_STRICT_PROTOTYPES = YES;
				CLANG_WARN_SUSPICIOUS_MOVE = YES;
				CLANG_WARN_UNGUARDED_AVAILABILITY = YES_AGGRESSIVE;
				CLANG_WARN_UNREACHABLE_CODE = YES;
				CLANG_WARN__DUPLICATE_METHOD_MATCH = YES;
				COPY_PHASE_STRIP = NO;
				DEBUG_INFORMATION_FORMAT = dwarf;
				ENABLE_STRICT_OBJC_MSGSEND = YES;
				ENABLE_TESTABILITY = YES;
				GCC_C_LANGUAGE_STANDARD = gnu11;
				GCC_DYNAMIC_NO_PIC = NO;
				GCC_NO_COMMON_BLOCKS = YES;
				GCC_OPTIMIZATION_LEVEL = 0;
				GCC_PREPROCESSOR_DEFINITIONS = (
					"DEBUG=1",
					"$(inherited)",
				);
				GCC_WARN_64_TO_32_BIT_CONVERSION = YES;
				GCC_WARN_ABOUT_RETURN_TYPE = YES_ERROR;
				GCC_WARN_UNDECLARED_SELECTOR = YES;
				GCC_WARN_UNINITIALIZED_AUTOS = YES_AGGRESSIVE;
				GCC_WARN_UNUSED_FUNCTION = YES;
				GCC_WARN_UNUSED_VARIABLE = YES;
				IPHONEOS_DEPLOYMENT_TARGET = 15.5;
				MTL_ENABLE_DEBUG_INFO = INCLUDE_SOURCE;
				MTL_FAST_MATH = YES;
				ONLY_ACTIVE_ARCH = YES;
				SDKROOT = iphoneos;
				SWIFT_ACTIVE_COMPILATION_CONDITIONS = DEBUG;
				SWIFT_OPTIMIZATION_LEVEL = "-Onone";
			};
			name = Debug;
		};
		D32EB95E28F9B7FF00D2B409 /* Release */ = {
			isa = XCBuildConfiguration;
			buildSettings = {
				ALWAYS_SEARCH_USER_PATHS = NO;
				CLANG_ANALYZER_NONNULL = YES;
				CLANG_ANALYZER_NUMBER_OBJECT_CONVERSION = YES_AGGRESSIVE;
				CLANG_CXX_LANGUAGE_STANDARD = "gnu++17";
				CLANG_ENABLE_MODULES = YES;
				CLANG_ENABLE_OBJC_ARC = YES;
				CLANG_ENABLE_OBJC_WEAK = YES;
				CLANG_WARN_BLOCK_CAPTURE_AUTORELEASING = YES;
				CLANG_WARN_BOOL_CONVERSION = YES;
				CLANG_WARN_COMMA = YES;
				CLANG_WARN_CONSTANT_CONVERSION = YES;
				CLANG_WARN_DEPRECATED_OBJC_IMPLEMENTATIONS = YES;
				CLANG_WARN_DIRECT_OBJC_ISA_USAGE = YES_ERROR;
				CLANG_WARN_DOCUMENTATION_COMMENTS = YES;
				CLANG_WARN_EMPTY_BODY = YES;
				CLANG_WARN_ENUM_CONVERSION = YES;
				CLANG_WARN_INFINITE_RECURSION = YES;
				CLANG_WARN_INT_CONVERSION = YES;
				CLANG_WARN_NON_LITERAL_NULL_CONVERSION = YES;
				CLANG_WARN_OBJC_IMPLICIT_RETAIN_SELF = YES;
				CLANG_WARN_OBJC_LITERAL_CONVERSION = YES;
				CLANG_WARN_OBJC_ROOT_CLASS = YES_ERROR;
				CLANG_WARN_QUOTED_INCLUDE_IN_FRAMEWORK_HEADER = YES;
				CLANG_WARN_RANGE_LOOP_ANALYSIS = YES;
				CLANG_WARN_STRICT_PROTOTYPES = YES;
				CLANG_WARN_SUSPICIOUS_MOVE = YES;
				CLANG_WARN_UNGUARDED_AVAILABILITY = YES_AGGRESSIVE;
				CLANG_WARN_UNREACHABLE_CODE = YES;
				CLANG_WARN__DUPLICATE_METHOD_MATCH = YES;
				COPY_PHASE_STRIP = NO;
				DEBUG_INFORMATION_FORMAT = "dwarf-with-dsym";
				ENABLE_NS_ASSERTIONS = NO;
				ENABLE_STRICT_OBJC_MSGSEND = YES;
				GCC_C_LANGUAGE_STANDARD = gnu11;
				GCC_NO_COMMON_BLOCKS = YES;
				GCC_WARN_64_TO_32_BIT_CONVERSION = YES;
				GCC_WARN_ABOUT_RETURN_TYPE = YES_ERROR;
				GCC_WARN_UNDECLARED_SELECTOR = YES;
				GCC_WARN_UNINITIALIZED_AUTOS = YES_AGGRESSIVE;
				GCC_WARN_UNUSED_FUNCTION = YES;
				GCC_WARN_UNUSED_VARIABLE = YES;
				IPHONEOS_DEPLOYMENT_TARGET = 15.5;
				MTL_ENABLE_DEBUG_INFO = NO;
				MTL_FAST_MATH = YES;
				SDKROOT = iphoneos;
				SWIFT_COMPILATION_MODE = wholemodule;
				SWIFT_OPTIMIZATION_LEVEL = "-O";
				VALIDATE_PRODUCT = YES;
			};
			name = Release;
		};
		D32EB96028F9B7FF00D2B409 /* Debug */ = {
			isa = XCBuildConfiguration;
			buildSettings = {
				ASSETCATALOG_COMPILER_APPICON_NAME = AppIcon;
				ASSETCATALOG_COMPILER_GLOBAL_ACCENT_COLOR_NAME = AccentColor;
				CODE_SIGN_STYLE = Automatic;
				CURRENT_PROJECT_VERSION = 1;
				DEVELOPMENT_ASSET_PATHS = "\"SwiftUIDemo/Preview Content\"";
				DEVELOPMENT_TEAM = ZMQ4ZK98M9;
				ENABLE_PREVIEWS = YES;
				GENERATE_INFOPLIST_FILE = YES;
				INFOPLIST_KEY_UIApplicationSceneManifest_Generation = YES;
				INFOPLIST_KEY_UIApplicationSupportsIndirectInputEvents = YES;
				INFOPLIST_KEY_UILaunchScreen_Generation = YES;
				INFOPLIST_KEY_UISupportedInterfaceOrientations_iPad = "UIInterfaceOrientationPortrait UIInterfaceOrientationPortraitUpsideDown UIInterfaceOrientationLandscapeLeft UIInterfaceOrientationLandscapeRight";
				INFOPLIST_KEY_UISupportedInterfaceOrientations_iPhone = "UIInterfaceOrientationPortrait UIInterfaceOrientationLandscapeLeft UIInterfaceOrientationLandscapeRight";
				LD_RUNPATH_SEARCH_PATHS = (
					"$(inherited)",
					"@executable_path/Frameworks",
				);
				MARKETING_VERSION = 1.0;
				PRODUCT_BUNDLE_IDENTIFIER = andrewLeganov.SwiftUIDemo;
				PRODUCT_NAME = "$(TARGET_NAME)";
				SWIFT_EMIT_LOC_STRINGS = YES;
				SWIFT_VERSION = 5.0;
				TARGETED_DEVICE_FAMILY = "1,2";
			};
			name = Debug;
		};
		D32EB96128F9B7FF00D2B409 /* Release */ = {
			isa = XCBuildConfiguration;
			buildSettings = {
				ASSETCATALOG_COMPILER_APPICON_NAME = AppIcon;
				ASSETCATALOG_COMPILER_GLOBAL_ACCENT_COLOR_NAME = AccentColor;
				CODE_SIGN_STYLE = Automatic;
				CURRENT_PROJECT_VERSION = 1;
				DEVELOPMENT_ASSET_PATHS = "\"SwiftUIDemo/Preview Content\"";
				DEVELOPMENT_TEAM = ZMQ4ZK98M9;
				ENABLE_PREVIEWS = YES;
				GENERATE_INFOPLIST_FILE = YES;
				INFOPLIST_KEY_UIApplicationSceneManifest_Generation = YES;
				INFOPLIST_KEY_UIApplicationSupportsIndirectInputEvents = YES;
				INFOPLIST_KEY_UILaunchScreen_Generation = YES;
				INFOPLIST_KEY_UISupportedInterfaceOrientations_iPad = "UIInterfaceOrientationPortrait UIInterfaceOrientationPortraitUpsideDown UIInterfaceOrientationLandscapeLeft UIInterfaceOrientationLandscapeRight";
				INFOPLIST_KEY_UISupportedInterfaceOrientations_iPhone = "UIInterfaceOrientationPortrait UIInterfaceOrientationLandscapeLeft UIInterfaceOrientationLandscapeRight";
				LD_RUNPATH_SEARCH_PATHS = (
					"$(inherited)",
					"@executable_path/Frameworks",
				);
				MARKETING_VERSION = 1.0;
				PRODUCT_BUNDLE_IDENTIFIER = andrewLeganov.SwiftUIDemo;
				PRODUCT_NAME = "$(TARGET_NAME)";
				SWIFT_EMIT_LOC_STRINGS = YES;
				SWIFT_VERSION = 5.0;
				TARGETED_DEVICE_FAMILY = "1,2";
			};
			name = Release;
		};
/* End XCBuildConfiguration section */

/* Begin XCConfigurationList section */
		D32EB94C28F9B7FE00D2B409 /* Build configuration list for PBXProject "SwiftUIDemo" */ = {
			isa = XCConfigurationList;
			buildConfigurations = (
				D32EB95D28F9B7FF00D2B409 /* Debug */,
				D32EB95E28F9B7FF00D2B409 /* Release */,
			);
			defaultConfigurationIsVisible = 0;
			defaultConfigurationName = Release;
		};
		D32EB95F28F9B7FF00D2B409 /* Build configuration list for PBXNativeTarget "SwiftUIDemo" */ = {
			isa = XCConfigurationList;
			buildConfigurations = (
				D32EB96028F9B7FF00D2B409 /* Debug */,
				D32EB96128F9B7FF00D2B409 /* Release */,
			);
			defaultConfigurationIsVisible = 0;
			defaultConfigurationName = Release;
		};
/* End XCConfigurationList section */
	};
	rootObject = D32EB94928F9B7FE00D2B409 /* Project object */;
}
